
Microsoft Visual Studio Solution File, Format Version 12.00
# Visual Studio Version 17
VisualStudioVersion = 17.10.34902.84
MinimumVisualStudioVersion = 10.0.40219.1
Project("{FAE04EC0-301F-11D3-BF4B-00C04F79EFBC}") = "Serilog_Net8", "Serilog_Net8\Serilog_Net8.csproj", "{423285A2-092B-4FB8-92AF-09CBB02008B2}"
EndProject
Global
	GlobalSection(SolutionConfigurationPlatforms) = preSolution
		Debug|Any CPU = Debug|Any CPU
		Release|Any CPU = Release|Any CPU
	EndGlobalSection
	GlobalSection(ProjectConfigurationPlatforms) = postSolution
		{423285A2-092B-4FB8-92AF-09CBB02008B2}.Debug|Any CPU.ActiveCfg = Debug|Any CPU
		{423285A2-092B-4FB8-92AF-09CBB02008B2}.Debug|Any CPU.Build.0 = Debug|Any CPU
		{423285A2-092B-4FB8-92AF-09CBB02008B2}.Release|Any CPU.ActiveCfg = Release|Any CPU
		{423285A2-092B-4FB8-92AF-09CBB02008B2}.Release|Any CPU.Build.0 = Release|Any CPU
	EndGlobalSection
	GlobalSection(SolutionProperties) = preSolution
		HideSolutionNode = FALSE
	EndGlobalSection
	GlobalSection(ExtensibilityGlobals) = postSolution
		SolutionGuid = {EF8F9F20-8778-436E-A01A-247C3E7BEAC1}
	EndGlobalSection
EndGlobal
